
Microsoft Visual Studio Solution File, Format Version 12.00
# Visual Studio Version 17
VisualStudioVersion = 17.5.33414.496
MinimumVisualStudioVersion = 10.0.40219.1
Project("{9A19103F-16F7-4668-BE54-9A1E7A4F7556}") = "CLI", "CLI\CLI.csproj", "{113E2AC5-AA0C-4438-ABF7-DD6E7AE957FA}"
EndProject
Project("{9A19103F-16F7-4668-BE54-9A1E7A4F7556}") = "CLI_test", "CLI_test\CLI_test.csproj", "{266D8F69-7474-430E-80FE-A533691D9327}"
EndProject
Global
	GlobalSection(SolutionConfigurationPlatforms) = preSolution
		Debug|Any CPU = Debug|Any CPU
		Release|Any CPU = Release|Any CPU
	EndGlobalSection
	GlobalSection(ProjectConfigurationPlatforms) = postSolution
		{113E2AC5-AA0C-4438-ABF7-DD6E7AE957FA}.Debug|Any CPU.ActiveCfg = Debug|Any CPU
		{113E2AC5-AA0C-4438-ABF7-DD6E7AE957FA}.Debug|Any CPU.Build.0 = Debug|Any CPU
		{113E2AC5-AA0C-4438-ABF7-DD6E7AE957FA}.Release|Any CPU.ActiveCfg = Release|Any CPU
		{113E2AC5-AA0C-4438-ABF7-DD6E7AE957FA}.Release|Any CPU.Build.0 = Release|Any CPU
		{266D8F69-7474-430E-80FE-A533691D9327}.Debug|Any CPU.ActiveCfg = Debug|Any CPU
		{266D8F69-7474-430E-80FE-A533691D9327}.Debug|Any CPU.Build.0 = Debug|Any CPU
		{266D8F69-7474-430E-80FE-A533691D9327}.Release|Any CPU.ActiveCfg = Release|Any CPU
		{266D8F69-7474-430E-80FE-A533691D9327}.Release|Any CPU.Build.0 = Release|Any CPU
	EndGlobalSection
	GlobalSection(SolutionProperties) = preSolution
		HideSolutionNode = FALSE
	EndGlobalSection
	GlobalSection(ExtensibilityGlobals) = postSolution
		SolutionGuid = {799E5908-6480-47B2-8761-D0BAD2D7A35A}
	EndGlobalSection
EndGlobal
